// !$*UTF8*$!
{
	archiveVersion = 1;
	classes = {
	};
	objectVersion = 46;
	objects = {

/* Begin PBXBuildFile section */
		C519350F1BE9FA7D00FF2F7E /* main.cpp in Sources */ = {isa = PBXBuildFile; fileRef = C59F1E1D1BE75B2A00D01423 /* main.cpp */; };
		C51935101BE9FB6A00FF2F7E /* MSInputToMatrix.cpp in Sources */ = {isa = PBXBuildFile; fileRef = C59F1E291BE75CBF00D01423 /* MSInputToMatrix.cpp */; };
		C51935121BEA611A00FF2F7E /* MSMaximumFlow.cpp in Sources */ = {isa = PBXBuildFile; fileRef = C59F1E241BE75B9300D01423 /* MSMaximumFlow.cpp */; };
		C53FD5531BF1F09B00808490 /* MSBetweennessCentrality.cpp in Sources */ = {isa = PBXBuildFile; fileRef = C59F1E271BE75BDD00D01423 /* MSBetweennessCentrality.cpp */; };
/* End PBXBuildFile section */

/* Begin PBXCopyFilesBuildPhase section */
		C59F1E181BE75B2A00D01423 /* CopyFiles */ = {
			isa = PBXCopyFilesBuildPhase;
			buildActionMask = 2147483647;
			dstPath = /usr/share/man/man1/;
			dstSubfolderSpec = 0;
			files = (
			);
			runOnlyForDeploymentPostprocessing = 1;
		};
/* End PBXCopyFilesBuildPhase section */

/* Begin PBXFileReference section */
		C519350A1BE89C1100FF2F7E /* MSMaximumFlow.h */ = {isa = PBXFileReference; lastKnownFileType = sourcecode.c.h; path = MSMaximumFlow.h; sourceTree = "<group>"; };
		C519350E1BE9FA1900FF2F7E /* MSBetweennessCentrality.h */ = {isa = PBXFileReference; lastKnownFileType = sourcecode.c.h; path = MSBetweennessCentrality.h; sourceTree = "<group>"; };
		C59F1E1A1BE75B2A00D01423 /* msModule */ = {isa = PBXFileReference; explicitFileType = "compiled.mach-o.executable"; includeInIndex = 0; path = msModule; sourceTree = BUILT_PRODUCTS_DIR; };
		C59F1E1D1BE75B2A00D01423 /* main.cpp */ = {isa = PBXFileReference; lastKnownFileType = sourcecode.cpp.cpp; path = main.cpp; sourceTree = "<group>"; };
		C59F1E241BE75B9300D01423 /* MSMaximumFlow.cpp */ = {isa = PBXFileReference; fileEncoding = 4; lastKnownFileType = sourcecode.cpp.cpp; path = MSMaximumFlow.cpp; sourceTree = "<group>"; };
		C59F1E271BE75BDD00D01423 /* MSBetweennessCentrality.cpp */ = {isa = PBXFileReference; fileEncoding = 4; lastKnownFileType = sourcecode.cpp.cpp; path = MSBetweennessCentrality.cpp; sourceTree = "<group>"; };
		C59F1E291BE75CBF00D01423 /* MSInputToMatrix.cpp */ = {isa = PBXFileReference; fileEncoding = 4; lastKnownFileType = sourcecode.cpp.cpp; path = MSInputToMatrix.cpp; sourceTree = "<group>"; };
		C59F1E2B1BE75E4C00D01423 /* MSInputToMatrix.h */ = {isa = PBXFileReference; lastKnownFileType = sourcecode.c.h; path = MSInputToMatrix.h; sourceTree = "<group>"; };
/* End PBXFileReference section */

/* Begin PBXFrameworksBuildPhase section */
		C59F1E171BE75B2A00D01423 /* Frameworks */ = {
			isa = PBXFrameworksBuildPhase;
			buildActionMask = 2147483647;
			files = (
			);
			runOnlyForDeploymentPostprocessing = 0;
		};
/* End PBXFrameworksBuildPhase section */

/* Begin PBXGroup section */
		C59F1E111BE75B2A00D01423 = {
			isa = PBXGroup;
			children = (
				C59F1E1C1BE75B2A00D01423 /* msModule */,
				C59F1E1B1BE75B2A00D01423 /* Products */,
			);
			sourceTree = "<group>";
		};
		C59F1E1B1BE75B2A00D01423 /* Products */ = {
			isa = PBXGroup;
			children = (
				C59F1E1A1BE75B2A00D01423 /* msModule */,
			);
			name = Products;
			sourceTree = "<group>";
		};
		C59F1E1C1BE75B2A00D01423 /* msModule */ = {
			isa = PBXGroup;
			children = (
				C59F1E1D1BE75B2A00D01423 /* main.cpp */,
				C59F1E2B1BE75E4C00D01423 /* MSInputToMatrix.h */,
				C59F1E291BE75CBF00D01423 /* MSInputToMatrix.cpp */,
				C519350A1BE89C1100FF2F7E /* MSMaximumFlow.h */,
				C59F1E241BE75B9300D01423 /* MSMaximumFlow.cpp */,
				C519350E1BE9FA1900FF2F7E /* MSBetweennessCentrality.h */,
				C59F1E271BE75BDD00D01423 /* MSBetweennessCentrality.cpp */,
			);
			path = msModule;
			sourceTree = "<group>";
		};
/* End PBXGroup section */

/* Begin PBXNativeTarget section */
		C59F1E191BE75B2A00D01423 /* msModule */ = {
			isa = PBXNativeTarget;
			buildConfigurationList = C59F1E211BE75B2A00D01423 /* Build configuration list for PBXNativeTarget "msModule" */;
			buildPhases = (
				C59F1E161BE75B2A00D01423 /* Sources */,
				C59F1E171BE75B2A00D01423 /* Frameworks */,
				C59F1E181BE75B2A00D01423 /* CopyFiles */,
			);
			buildRules = (
			);
			dependencies = (
			);
			name = msModule;
			productName = msModule;
			productReference = C59F1E1A1BE75B2A00D01423 /* msModule */;
			productType = "com.apple.product-type.tool";
		};
/* End PBXNativeTarget section */

/* Begin PBXProject section */
		C59F1E121BE75B2A00D01423 /* Project object */ = {
			isa = PBXProject;
			attributes = {
				LastUpgradeCheck = 0710;
				ORGANIZATIONNAME = "박민석";
				TargetAttributes = {
					C59F1E191BE75B2A00D01423 = {
						CreatedOnToolsVersion = 7.1;
					};
				};
			};
			buildConfigurationList = C59F1E151BE75B2A00D01423 /* Build configuration list for PBXProject "msModule" */;
			compatibilityVersion = "Xcode 3.2";
			developmentRegion = English;
			hasScannedForEncodings = 0;
			knownRegions = (
				en,
			);
			mainGroup = C59F1E111BE75B2A00D01423;
			productRefGroup = C59F1E1B1BE75B2A00D01423 /* Products */;
			projectDirPath = "";
			projectRoot = "";
			targets = (
				C59F1E191BE75B2A00D01423 /* msModule */,
			);
		};
/* End PBXProject section */

/* Begin PBXSourcesBuildPhase section */
		C59F1E161BE75B2A00D01423 /* Sources */ = {
			isa = PBXSourcesBuildPhase;
			buildActionMask = 2147483647;
			files = (
				C51935121BEA611A00FF2F7E /* MSMaximumFlow.cpp in Sources */,
				C51935101BE9FB6A00FF2F7E /* MSInputToMatrix.cpp in Sources */,
				C53FD5531BF1F09B00808490 /* MSBetweennessCentrality.cpp in Sources */,
				C519350F1BE9FA7D00FF2F7E /* main.cpp in Sources */,
			);
			runOnlyForDeploymentPostprocessing = 0;
		};
/* End PBXSourcesBuildPhase section */

/* Begin XCBuildConfiguration section */
		C59F1E1F1BE75B2A00D01423 /* Debug */ = {
			isa = XCBuildConfiguration;
			buildSettings = {
				ALWAYS_SEARCH_USER_PATHS = NO;
				CLANG_CXX_LANGUAGE_STANDARD = "gnu++0x";
				CLANG_CXX_LIBRARY = "libc++";
				CLANG_ENABLE_MODULES = YES;
				CLANG_ENABLE_OBJC_ARC = YES;
				CLANG_WARN_BOOL_CONVERSION = YES;
				CLANG_WARN_CONSTANT_CONVERSION = YES;
				CLANG_WARN_DIRECT_OBJC_ISA_USAGE = YES_ERROR;
				CLANG_WARN_EMPTY_BODY = YES;
				CLANG_WARN_ENUM_CONVERSION = YES;
				CLANG_WARN_INT_CONVERSION = YES;
				CLANG_WARN_OBJC_ROOT_CLASS = YES_ERROR;
				CLANG_WARN_UNREACHABLE_CODE = YES;
				CLANG_WARN__DUPLICATE_METHOD_MATCH = YES;
				CODE_SIGN_IDENTITY = "-";
				COPY_PHASE_STRIP = NO;
				DEBUG_INFORMATION_FORMAT = dwarf;
				ENABLE_STRICT_OBJC_MSGSEND = YES;
				ENABLE_TESTABILITY = YES;
				GCC_C_LANGUAGE_STANDARD = gnu99;
				GCC_DYNAMIC_NO_PIC = NO;
				GCC_NO_COMMON_BLOCKS = YES;
				GCC_OPTIMIZATION_LEVEL = 0;
				GCC_PREPROCESSOR_DEFINITIONS = (
					"DEBUG=1",
					"$(inherited)",
				);
				GCC_WARN_64_TO_32_BIT_CONVERSION = YES;
				GCC_WARN_ABOUT_RETURN_TYPE = YES_ERROR;
				GCC_WARN_UNDECLARED_SELECTOR = YES;
				GCC_WARN_UNINITIALIZED_AUTOS = YES_AGGRESSIVE;
				GCC_WARN_UNUSED_FUNCTION = YES;
				GCC_WARN_UNUSED_VARIABLE = YES;
				MACOSX_DEPLOYMENT_TARGET = 10.11;
				MTL_ENABLE_DEBUG_INFO = YES;
				ONLY_ACTIVE_ARCH = YES;
				SDKROOT = macosx;
			};
			name = Debug;
		};
		C59F1E201BE75B2A00D01423 /* Release */ = {
			isa = XCBuildConfiguration;
			buildSettings = {
				ALWAYS_SEARCH_USER_PATHS = NO;
				CLANG_CXX_LANGUAGE_STANDARD = "gnu++0x";
				CLANG_CXX_LIBRARY = "libc++";
				CLANG_ENABLE_MODULES = YES;
				CLANG_ENABLE_OBJC_ARC = YES;
				CLANG_WARN_BOOL_CONVERSION = YES;
				CLANG_WARN_CONSTANT_CONVERSION = YES;
				CLANG_WARN_DIRECT_OBJC_ISA_USAGE = YES_ERROR;
				CLANG_WARN_EMPTY_BODY = YES;
				CLANG_WARN_ENUM_CONVERSION = YES;
				CLANG_WARN_INT_CONVERSION = YES;
				CLANG_WARN_OBJC_ROOT_CLASS = YES_ERROR;
				CLANG_WARN_UNREACHABLE_CODE = YES;
				CLANG_WARN__DUPLICATE_METHOD_MATCH = YES;
				CODE_SIGN_IDENTITY = "-";
				COPY_PHASE_STRIP = NO;
				DEBUG_INFORMATION_FORMAT = "dwarf-with-dsym";
				ENABLE_NS_ASSERTIONS = NO;
				ENABLE_STRICT_OBJC_MSGSEND = YES;
				GCC_C_LANGUAGE_STANDARD = gnu99;
				GCC_NO_COMMON_BLOCKS = YES;
				GCC_WARN_64_TO_32_BIT_CONVERSION = YES;
				GCC_WARN_ABOUT_RETURN_TYPE = YES_ERROR;
				GCC_WARN_UNDECLARED_SELECTOR = YES;
				GCC_WARN_UNINITIALIZED_AUTOS = YES_AGGRESSIVE;
				GCC_WARN_UNUSED_FUNCTION = YES;
				GCC_WARN_UNUSED_VARIABLE = YES;
				MACOSX_DEPLOYMENT_TARGET = 10.11;
				MTL_ENABLE_DEBUG_INFO = NO;
				SDKROOT = macosx;
			};
			name = Release;
		};
		C59F1E221BE75B2A00D01423 /* Debug */ = {
			isa = XCBuildConfiguration;
			buildSettings = {
				PRODUCT_NAME = "$(TARGET_NAME)";
			};
			name = Debug;
		};
		C59F1E231BE75B2A00D01423 /* Release */ = {
			isa = XCBuildConfiguration;
			buildSettings = {
				PRODUCT_NAME = "$(TARGET_NAME)";
			};
			name = Release;
		};
/* End XCBuildConfiguration section */

/* Begin XCConfigurationList section */
		C59F1E151BE75B2A00D01423 /* Build configuration list for PBXProject "msModule" */ = {
			isa = XCConfigurationList;
			buildConfigurations = (
				C59F1E1F1BE75B2A00D01423 /* Debug */,
				C59F1E201BE75B2A00D01423 /* Release */,
			);
			defaultConfigurationIsVisible = 0;
			defaultConfigurationName = Release;
		};
		C59F1E211BE75B2A00D01423 /* Build configuration list for PBXNativeTarget "msModule" */ = {
			isa = XCConfigurationList;
			buildConfigurations = (
				C59F1E221BE75B2A00D01423 /* Debug */,
				C59F1E231BE75B2A00D01423 /* Release */,
			);
			defaultConfigurationIsVisible = 0;
			defaultConfigurationName = Release;
		};
/* End XCConfigurationList section */
	};
	rootObject = C59F1E121BE75B2A00D01423 /* Project object */;
}
